{
  "name": "@tariq-jarral/ng-moringa-table",
  "version": "1.0.0",
  "description": "A powerful Angular smart-table component with filters, pagination, and custom actions.",
  "author": "Tariq Jarral",
  "license": "MIT",
  "keywords": [
    "angular",
    "smart-table",
    "ui",
    "component",
    "table"
  ],
  "peerDependencies": {
    "@angular/core": "^15.0.0 || ^16.0.0 || ^17.0.0 || ^18.0.0 || ^19.0.0",
    "@angular/common": "^15.0.0 || ^16.0.0 || ^17.0.0 || ^18.0.0 || ^19.0.0"
  },
  "exports": {
    "./component": {
      "import": "./ng-moringa-table.component.js"
    }
  },
"files": [
  "fesm2022/",
  "fesm2015/",
  "esm2022/",
  "esm2015/",
  "bundles/",
  "package.json",
  "*.js",
  "*.d.ts",
  "*.css",
  "README.md",
  "LICENSE"
],
 "publishConfig": {
  "access": "public"
}
}
